{
  "name": "lagoon",
  "version": "0.1.0",
  "lockfileVersion": 2,
  "requires": true,
  "packages": {
    "": {
      "name": "lagoon",
      "version": "0.1.0",
      "dependencies": {
        "bridge.js": "github:somebeaver/Bridge.js",
        "cardinal-forms": "github:somebeaver/cardinal-forms",
        "cardinal-shared-components": "github:somebeaver/cardinal-shared-components",
        "double-u": "github:somebeaver/double-u",
        "html.js": "github:somebeaver/html.js",
        "i18n.js": "github:somebeaver/i18n.js",
        "lowrider.js": "github:somebeaver/Lowrider.js",
        "router.js": "github:somebeaver/Router.js",
        "sqleary.js": "github:somebeaver/sqleary.js"
      }
    },
    "node_modules/bridge.js": {
      "version": "1.0.1",
      "resolved": "git+ssh://git@github.com/somebeaver/Bridge.js.git#2e9d629d371911a210f2af41cfebecc6f2017a61"
    },
    "node_modules/cardinal-forms": {
      "version": "1.1.1",
      "resolved": "git+ssh://git@github.com/somebeaver/cardinal-forms.git#b335244b6e2f284c879672b7fb1f5be03dcd4aa6"
    },
    "node_modules/cardinal-shared-components": {
      "version": "0.1.3",
      "resolved": "git+ssh://git@github.com/somebeaver/cardinal-shared-components.git#efd4d411fd73de8b3bd11ad5f1ac7aea31237df2"
    },
    "node_modules/double-u": {
      "version": "1.1.0",
      "resolved": "git+ssh://git@github.com/somebeaver/double-u.git#14016233c42354941d04d32fd1e7c1448b02376b"
    },
    "node_modules/html.js": {
      "version": "1.0.1",
      "resolved": "git+ssh://git@github.com/somebeaver/html.js.git#268ac4e03d817542d966109fde82b7807f8baa45"
    },
    "node_modules/i18n.js": {
      "version": "1.0.0",
      "resolved": "git+ssh://git@github.com/somebeaver/i18n.js.git#766f441241beb3bf9ce96dca8ee8b8295a5286a3"
    },
    "node_modules/lowrider.js": {
      "version": "1.2.1",
      "resolved": "git+ssh://git@github.com/somebeaver/Lowrider.js.git#cee21fd1da2c36b0177a01ddd1720b9ca97a7a28"
    },
    "node_modules/router.js": {
      "version": "0.1.1",
      "resolved": "git+ssh://git@github.com/somebeaver/Router.js.git#aba1473c7297c517f20f9789e10d9d4c3a8c0a31"
    },
    "node_modules/sqleary.js": {
      "version": "1.0.0",
      "resolved": "git+ssh://git@github.com/somebeaver/sqleary.js.git#b8afd207476d4bde5bb021121e17ef816ca904fd"
    }
  },
  "dependencies": {
    "bridge.js": {
      "version": "git+ssh://git@github.com/somebeaver/Bridge.js.git#2e9d629d371911a210f2af41cfebecc6f2017a61",
      "from": "bridge.js@github:somebeaver/Bridge.js"
    },
    "cardinal-forms": {
      "version": "git+ssh://git@github.com/somebeaver/cardinal-forms.git#b335244b6e2f284c879672b7fb1f5be03dcd4aa6",
      "from": "cardinal-forms@github:somebeaver/cardinal-forms"
    },
    "cardinal-shared-components": {
      "version": "git+ssh://git@github.com/somebeaver/cardinal-shared-components.git#efd4d411fd73de8b3bd11ad5f1ac7aea31237df2",
      "from": "cardinal-shared-components@github:somebeaver/cardinal-shared-components"
    },
    "double-u": {
      "version": "git+ssh://git@github.com/somebeaver/double-u.git#14016233c42354941d04d32fd1e7c1448b02376b",
      "from": "double-u@github:somebeaver/double-u"
    },
    "html.js": {
      "version": "git+ssh://git@github.com/somebeaver/html.js.git#268ac4e03d817542d966109fde82b7807f8baa45",
      "from": "html.js@github:somebeaver/html.js"
    },
    "i18n.js": {
      "version": "git+ssh://git@github.com/somebeaver/i18n.js.git#766f441241beb3bf9ce96dca8ee8b8295a5286a3",
      "from": "i18n.js@github:somebeaver/i18n.js"
    },
    "lowrider.js": {
      "version": "git+ssh://git@github.com/somebeaver/Lowrider.js.git#cee21fd1da2c36b0177a01ddd1720b9ca97a7a28",
      "from": "lowrider.js@github:somebeaver/Lowrider.js"
    },
    "router.js": {
      "version": "git+ssh://git@github.com/somebeaver/Router.js.git#aba1473c7297c517f20f9789e10d9d4c3a8c0a31",
      "from": "router.js@github:somebeaver/Router.js"
    },
    "sqleary.js": {
      "version": "git+ssh://git@github.com/somebeaver/sqleary.js.git#b8afd207476d4bde5bb021121e17ef816ca904fd",
      "from": "sqleary.js@github:somebeaver/sqleary.js"
    }
  }
}
